PODS:
  - onnxruntime-mobile-c (1.18.0)

DEPENDENCIES:
  - onnxruntime-mobile-c (= 1.18.0)

SPEC REPOS:
  trunk:
    - onnxruntime-mobile-c

SPEC CHECKSUMS:
  onnxruntime-mobile-c: 612e643a0717ffe35ef1b3e9c3d63a084a5c122b

PODFILE CHECKSUM: a9cf11c75ac1144ff3d061bf71a504aa67cfb6ed

COCOAPODS: 1.16.2
