// !$*UTF8*$!
{
	archiveVersion = 1;
	classes = {
	};
	objectVersion = 77;
	objects = {

/* Begin PBXBuildFile section */
		D23288CC430F92A9B64C560C /* Pods_TryAngleApp.framework in Frameworks */ = {isa = PBXBuildFile; fileRef = D35E682477250C51A7029D68 /* Pods_TryAngleApp.framework */; };
/* End PBXBuildFile section */

/* Begin PBXFileReference section */
		57C13229136A9EB5A4274A2B /* Pods-TryAngleApp.release.xcconfig */ = {isa = PBXFileReference; includeInIndex = 1; lastKnownFileType = text.xcconfig; name = "Pods-TryAngleApp.release.xcconfig"; path = "Target Support Files/Pods-TryAngleApp/Pods-TryAngleApp.release.xcconfig"; sourceTree = "<group>"; };
		6C0584992EE323E60037603D /* TryAngleApp.xcodeproj */ = {isa = PBXFileReference; lastKnownFileType = "wrapper.pb-project"; path = TryAngleApp.xcodeproj; sourceTree = "<group>"; };
		6C0585A12EE3FCFB0037603D /* TryAngleApp.xcodeproj */ = {isa = PBXFileReference; lastKnownFileType = "wrapper.pb-project"; path = TryAngleApp.xcodeproj; sourceTree = "<group>"; };
		6C0588182EE512220037603D /* TryAngleApp.xcodeproj */ = {isa = PBXFileReference; lastKnownFileType = "wrapper.pb-project"; path = TryAngleApp.xcodeproj; sourceTree = "<group>"; };
		6C0588F92EE517BB0037603D /* TryAngleApp.xcodeproj */ = {isa = PBXFileReference; lastKnownFileType = "wrapper.pb-project"; path = TryAngleApp.xcodeproj; sourceTree = "<group>"; };
		6C0589DE2EE55CC40037603D /* TryAngleApp.xcodeproj */ = {isa = PBXFileReference; lastKnownFileType = "wrapper.pb-project"; path = TryAngleApp.xcodeproj; sourceTree = "<group>"; };
		6C46BCC82EC9CA8B00C72C0F /* TryAngleApp.app */ = {isa = PBXFileReference; explicitFileType = wrapper.application; includeInIndex = 0; path = TryAngleApp.app; sourceTree = BUILT_PRODUCTS_DIR; };
		6C726E762EC9CDB000DDA131 /* TryAngleApp.xcodeproj */ = {isa = PBXFileReference; lastKnownFileType = "wrapper.pb-project"; path = TryAngleApp.xcodeproj; sourceTree = "<group>"; };
		6CD9B7202ECCB1AF00CC618D /* TryAngleApp.xcodeproj */ = {isa = PBXFileReference; lastKnownFileType = "wrapper.pb-project"; path = TryAngleApp.xcodeproj; sourceTree = "<group>"; };
		6CD9B77A2ECD559F00CC618D /* TryAngleApp.xcodeproj */ = {isa = PBXFileReference; lastKnownFileType = "wrapper.pb-project"; path = TryAngleApp.xcodeproj; sourceTree = "<group>"; };
		6CD9B7D02ECD595F00CC618D /* TryAngleApp.xcodeproj */ = {isa = PBXFileReference; lastKnownFileType = "wrapper.pb-project"; path = TryAngleApp.xcodeproj; sourceTree = "<group>"; };
		6CE40FEB2ECD68E0003DE68C /* TryAngleApp.xcodeproj */ = {isa = PBXFileReference; lastKnownFileType = "wrapper.pb-project"; path = TryAngleApp.xcodeproj; sourceTree = "<group>"; };
		6CE410442ECD72FA003DE68C /* TryAngleApp.xcodeproj */ = {isa = PBXFileReference; lastKnownFileType = "wrapper.pb-project"; path = TryAngleApp.xcodeproj; sourceTree = "<group>"; };
		6CE4120C2ECF58F4003DE68C /* TryAngleApp.xcodeproj */ = {isa = PBXFileReference; lastKnownFileType = "wrapper.pb-project"; path = TryAngleApp.xcodeproj; sourceTree = "<group>"; };
		6CE414362ECF8483003DE68C /* TryAngleApp.xcodeproj */ = {isa = PBXFileReference; lastKnownFileType = "wrapper.pb-project"; path = TryAngleApp.xcodeproj; sourceTree = "<group>"; };
		6CE414922ECF8502003DE68C /* TryAngleApp.xcodeproj */ = {isa = PBXFileReference; lastKnownFileType = "wrapper.pb-project"; path = TryAngleApp.xcodeproj; sourceTree = "<group>"; };
		6CE41A482ED59BB0003DE68C /* TryAngleApp.xcodeproj */ = {isa = PBXFileReference; lastKnownFileType = "wrapper.pb-project"; path = TryAngleApp.xcodeproj; sourceTree = "<group>"; };
		6CE41CAF2ED702CD003DE68C /* TryAngleApp.xcodeproj */ = {isa = PBXFileReference; lastKnownFileType = "wrapper.pb-project"; path = TryAngleApp.xcodeproj; sourceTree = "<group>"; };
		6CE41D7A2ED76BA5003DE68C /* TryAngleApp.xcodeproj */ = {isa = PBXFileReference; lastKnownFileType = "wrapper.pb-project"; path = TryAngleApp.xcodeproj; sourceTree = "<group>"; };
		6CEB453F2EC9E4BF00809755 /* TryAngleApp.xcodeproj */ = {isa = PBXFileReference; lastKnownFileType = "wrapper.pb-project"; path = TryAngleApp.xcodeproj; sourceTree = "<group>"; };
		6CEB45F42ECC7B8900809755 /* TryAngleApp.xcodeproj */ = {isa = PBXFileReference; lastKnownFileType = "wrapper.pb-project"; path = TryAngleApp.xcodeproj; sourceTree = "<group>"; };
		6CEB46312ECC964900809755 /* TryAngleApp.xcodeproj */ = {isa = PBXFileReference; lastKnownFileType = "wrapper.pb-project"; path = TryAngleApp.xcodeproj; sourceTree = "<group>"; };
		D05D547300DE7E259ED6865C /* Pods-TryAngleApp.debug.xcconfig */ = {isa = PBXFileReference; includeInIndex = 1; lastKnownFileType = text.xcconfig; name = "Pods-TryAngleApp.debug.xcconfig"; path = "Target Support Files/Pods-TryAngleApp/Pods-TryAngleApp.debug.xcconfig"; sourceTree = "<group>"; };
		D35E682477250C51A7029D68 /* Pods_TryAngleApp.framework */ = {isa = PBXFileReference; explicitFileType = wrapper.framework; includeInIndex = 0; path = Pods_TryAngleApp.framework; sourceTree = BUILT_PRODUCTS_DIR; };
/* End PBXFileReference section */

/* Begin PBXFileSystemSynchronizedRootGroup section */
		6C46BCCA2EC9CA8B00C72C0F = {
			isa = PBXFileSystemSynchronizedRootGroup;
			sourceTree = "<group>";
		};
/* End PBXFileSystemSynchronizedRootGroup section */

/* Begin PBXFrameworksBuildPhase section */
		6C46BCC52EC9CA8B00C72C0F /* Frameworks */ = {
			isa = PBXFrameworksBuildPhase;
			buildActionMask = 2147483647;
			files = (
				D23288CC430F92A9B64C560C /* Pods_TryAngleApp.framework in Frameworks */,
			);
			runOnlyForDeploymentPostprocessing = 0;
		};
/* End PBXFrameworksBuildPhase section */

/* Begin PBXGroup section */
		1B4D3F5A9568AD6379ADC08B /* Frameworks */ = {
			isa = PBXGroup;
			children = (
				D35E682477250C51A7029D68 /* Pods_TryAngleApp.framework */,
			);
			name = Frameworks;
			sourceTree = "<group>";
		};
		6C05849D2EE323E60037603D /* Products */ = {
			isa = PBXGroup;
			name = Products;
			sourceTree = "<group>";
		};
		6C0585A52EE3FCFB0037603D /* Products */ = {
			isa = PBXGroup;
			name = Products;
			sourceTree = "<group>";
		};
		6C05881A2EE512220037603D /* Products */ = {
			isa = PBXGroup;
			name = Products;
			sourceTree = "<group>";
		};
		6C0588FB2EE517BB0037603D /* Products */ = {
			isa = PBXGroup;
			name = Products;
			sourceTree = "<group>";
		};
		6C0589E02EE55CC40037603D /* Products */ = {
			isa = PBXGroup;
			name = Products;
			sourceTree = "<group>";
		};
		6C46BCBF2EC9CA8B00C72C0F = {
			isa = PBXGroup;
			children = (
				6C46BCCA2EC9CA8B00C72C0F,
				6C46BCC92EC9CA8B00C72C0F /* Products */,
				CC23FDEEFD7623D81667F847 /* Pods */,
				1B4D3F5A9568AD6379ADC08B /* Frameworks */,
			);
			sourceTree = "<group>";
		};
		6C46BCC92EC9CA8B00C72C0F /* Products */ = {
			isa = PBXGroup;
			children = (
				6C46BCC82EC9CA8B00C72C0F /* TryAngleApp.app */,
			);
			name = Products;
			sourceTree = "<group>";
		};
		6C726E772EC9CDB000DDA131 /* Products */ = {
			isa = PBXGroup;
			children = (
			);
			name = Products;
			sourceTree = "<group>";
		};
		6CD9B7222ECCB1AF00CC618D /* Products */ = {
			isa = PBXGroup;
			children = (
			);
			name = Products;
			sourceTree = "<group>";
		};
		6CD9B77C2ECD559F00CC618D /* Products */ = {
			isa = PBXGroup;
			name = Products;
			sourceTree = "<group>";
		};
		6CD9B7D32ECD595F00CC618D /* Products */ = {
			isa = PBXGroup;
			name = Products;
			sourceTree = "<group>";
		};
		6CE40FEE2ECD68E0003DE68C /* Products */ = {
			isa = PBXGroup;
			name = Products;
			sourceTree = "<group>";
		};
		6CE410482ECD72FA003DE68C /* Products */ = {
			isa = PBXGroup;
			name = Products;
			sourceTree = "<group>";
		};
		6CE412102ECF58F4003DE68C /* Products */ = {
			isa = PBXGroup;
			name = Products;
			sourceTree = "<group>";
		};
		6CE4143A2ECF8483003DE68C /* Products */ = {
			isa = PBXGroup;
			name = Products;
			sourceTree = "<group>";
		};
		6CE414962ECF8502003DE68C /* Products */ = {
			isa = PBXGroup;
			name = Products;
			sourceTree = "<group>";
		};
		6CE41A4C2ED59BB0003DE68C /* Products */ = {
			isa = PBXGroup;
			name = Products;
			sourceTree = "<group>";
		};
		6CE41CB32ED702CD003DE68C /* Products */ = {
			isa = PBXGroup;
			name = Products;
			sourceTree = "<group>";
		};
		6CE41D7E2ED76BA5003DE68C /* Products */ = {
			isa = PBXGroup;
			name = Products;
			sourceTree = "<group>";
		};
		6CEB45402EC9E4BF00809755 /* Products */ = {
			isa = PBXGroup;
			children = (
			);
			name = Products;
			sourceTree = "<group>";
		};
		6CEB45F52ECC7B8900809755 /* Products */ = {
			isa = PBXGroup;
			children = (
			);
			name = Products;
			sourceTree = "<group>";
		};
		6CEB46322ECC964900809755 /* Products */ = {
			isa = PBXGroup;
			children = (
			);
			name = Products;
			sourceTree = "<group>";
		};
		CC23FDEEFD7623D81667F847 /* Pods */ = {
			isa = PBXGroup;
			children = (
				D05D547300DE7E259ED6865C /* Pods-TryAngleApp.debug.xcconfig */,
				57C13229136A9EB5A4274A2B /* Pods-TryAngleApp.release.xcconfig */,
			);
			name = Pods;
			path = ../Pods;
			sourceTree = "<group>";
		};
/* End PBXGroup section */

/* Begin PBXNativeTarget section */
		6C46BCC72EC9CA8B00C72C0F /* TryAngleApp */ = {
			isa = PBXNativeTarget;
			buildConfigurationList = 6C46BCD32EC9CA8C00C72C0F /* Build configuration list for PBXNativeTarget "TryAngleApp" */;
			buildPhases = (
				F3774E771A9FDE2E6B031358 /* [CP] Check Pods Manifest.lock */,
				6C46BCC42EC9CA8B00C72C0F /* Sources */,
				6C46BCC52EC9CA8B00C72C0F /* Frameworks */,
				6C46BCC62EC9CA8B00C72C0F /* Resources */,
			);
			buildRules = (
			);
			dependencies = (
			);
			fileSystemSynchronizedGroups = (
				6C46BCCA2EC9CA8B00C72C0F,
			);
			name = TryAngleApp;
			productName = TryAngleApp;
			productReference = 6C46BCC82EC9CA8B00C72C0F /* TryAngleApp.app */;
			productType = "com.apple.product-type.application";
		};
/* End PBXNativeTarget section */

/* Begin PBXProject section */
		6C46BCC02EC9CA8B00C72C0F /* Project object */ = {
			isa = PBXProject;
			attributes = {
				BuildIndependentTargetsInParallel = 1;
				LastSwiftUpdateCheck = 2610;
				LastUpgradeCheck = 2610;
				TargetAttributes = {
					6C46BCC72EC9CA8B00C72C0F = {
						CreatedOnToolsVersion = 26.1.1;
					};
				};
			};
			buildConfigurationList = 6C46BCC32EC9CA8B00C72C0F /* Build configuration list for PBXProject "TryAngleApp" */;
			developmentRegion = en;
			hasScannedForEncodings = 0;
			knownRegions = (
				en,
				Base,
			);
			mainGroup = 6C46BCBF2EC9CA8B00C72C0F;
			minimizedProjectReferenceProxies = 1;
			preferredProjectObjectVersion = 77;
			productRefGroup = 6C46BCC92EC9CA8B00C72C0F /* Products */;
			projectDirPath = "";
			projectReferences = (
				{
					ProductGroup = 6CE414962ECF8502003DE68C /* Products */;
					ProjectRef = 6CE414922ECF8502003DE68C /* TryAngleApp.xcodeproj */;
				},
				{
					ProductGroup = 6CE41A4C2ED59BB0003DE68C /* Products */;
					ProjectRef = 6CE41A482ED59BB0003DE68C /* TryAngleApp.xcodeproj */;
				},
				{
					ProductGroup = 6CD9B77C2ECD559F00CC618D /* Products */;
					ProjectRef = 6CD9B77A2ECD559F00CC618D /* TryAngleApp.xcodeproj */;
				},
				{
					ProductGroup = 6C05881A2EE512220037603D /* Products */;
					ProjectRef = 6C0588182EE512220037603D /* TryAngleApp.xcodeproj */;
				},
				{
					ProductGroup = 6CD9B7D32ECD595F00CC618D /* Products */;
					ProjectRef = 6CD9B7D02ECD595F00CC618D /* TryAngleApp.xcodeproj */;
				},
				{
					ProductGroup = 6CE41CB32ED702CD003DE68C /* Products */;
					ProjectRef = 6CE41CAF2ED702CD003DE68C /* TryAngleApp.xcodeproj */;
				},
				{
					ProductGroup = 6CEB45F52ECC7B8900809755 /* Products */;
					ProjectRef = 6CEB45F42ECC7B8900809755 /* TryAngleApp.xcodeproj */;
				},
				{
					ProductGroup = 6CE41D7E2ED76BA5003DE68C /* Products */;
					ProjectRef = 6CE41D7A2ED76BA5003DE68C /* TryAngleApp.xcodeproj */;
				},
				{
					ProductGroup = 6CE40FEE2ECD68E0003DE68C /* Products */;
					ProjectRef = 6CE40FEB2ECD68E0003DE68C /* TryAngleApp.xcodeproj */;
				},
				{
					ProductGroup = 6CEB45402EC9E4BF00809755 /* Products */;
					ProjectRef = 6CEB453F2EC9E4BF00809755 /* TryAngleApp.xcodeproj */;
				},
				{
					ProductGroup = 6CE412102ECF58F4003DE68C /* Products */;
					ProjectRef = 6CE4120C2ECF58F4003DE68C /* TryAngleApp.xcodeproj */;
				},
				{
					ProductGroup = 6CEB46322ECC964900809755 /* Products */;
					ProjectRef = 6CEB46312ECC964900809755 /* TryAngleApp.xcodeproj */;
				},
				{
					ProductGroup = 6C05849D2EE323E60037603D /* Products */;
					ProjectRef = 6C0584992EE323E60037603D /* TryAngleApp.xcodeproj */;
				},
				{
					ProductGroup = 6C0585A52EE3FCFB0037603D /* Products */;
					ProjectRef = 6C0585A12EE3FCFB0037603D /* TryAngleApp.xcodeproj */;
				},
				{
					ProductGroup = 6C0588FB2EE517BB0037603D /* Products */;
					ProjectRef = 6C0588F92EE517BB0037603D /* TryAngleApp.xcodeproj */;
				},
				{
					ProductGroup = 6C726E772EC9CDB000DDA131 /* Products */;
					ProjectRef = 6C726E762EC9CDB000DDA131 /* TryAngleApp.xcodeproj */;
				},
				{
					ProductGroup = 6CE410482ECD72FA003DE68C /* Products */;
					ProjectRef = 6CE410442ECD72FA003DE68C /* TryAngleApp.xcodeproj */;
				},
				{
					ProductGroup = 6CE4143A2ECF8483003DE68C /* Products */;
					ProjectRef = 6CE414362ECF8483003DE68C /* TryAngleApp.xcodeproj */;
				},
				{
					ProductGroup = 6CD9B7222ECCB1AF00CC618D /* Products */;
					ProjectRef = 6CD9B7202ECCB1AF00CC618D /* TryAngleApp.xcodeproj */;
				},
				{
					ProductGroup = 6C0589E02EE55CC40037603D /* Products */;
					ProjectRef = 6C0589DE2EE55CC40037603D /* TryAngleApp.xcodeproj */;
				},
			);
			projectRoot = "";
			targets = (
				6C46BCC72EC9CA8B00C72C0F /* TryAngleApp */,
			);
		};
/* End PBXProject section */

/* Begin PBXResourcesBuildPhase section */
		6C46BCC62EC9CA8B00C72C0F /* Resources */ = {
			isa = PBXResourcesBuildPhase;
			buildActionMask = 2147483647;
			files = (
			);
			runOnlyForDeploymentPostprocessing = 0;
		};
/* End PBXResourcesBuildPhase section */

/* Begin PBXShellScriptBuildPhase section */
		F3774E771A9FDE2E6B031358 /* [CP] Check Pods Manifest.lock */ = {
			isa = PBXShellScriptBuildPhase;
			buildActionMask = 2147483647;
			files = (
			);
			inputFileListPaths = (
			);
			inputPaths = (
				"${PODS_PODFILE_DIR_PATH}/Podfile.lock",
				"${PODS_ROOT}/Manifest.lock",
			);
			name = "[CP] Check Pods Manifest.lock";
			outputFileListPaths = (
			);
			outputPaths = (
				"$(DERIVED_FILE_DIR)/Pods-TryAngleApp-checkManifestLockResult.txt",
			);
			runOnlyForDeploymentPostprocessing = 0;
			shellPath = /bin/sh;
			shellScript = "diff \"${PODS_PODFILE_DIR_PATH}/Podfile.lock\" \"${PODS_ROOT}/Manifest.lock\" > /dev/null\nif [ $? != 0 ] ; then\n    # print error to STDERR\n    echo \"error: The sandbox is not in sync with the Podfile.lock. Run 'pod install' or update your CocoaPods installation.\" >&2\n    exit 1\nfi\n# This output is used by Xcode 'outputs' to avoid re-running this script phase.\necho \"SUCCESS\" > \"${SCRIPT_OUTPUT_FILE_0}\"\n";
			showEnvVarsInLog = 0;
		};
/* End PBXShellScriptBuildPhase section */

/* Begin PBXSourcesBuildPhase section */
		6C46BCC42EC9CA8B00C72C0F /* Sources */ = {
			isa = PBXSourcesBuildPhase;
			buildActionMask = 2147483647;
			files = (
			);
			runOnlyForDeploymentPostprocessing = 0;
		};
/* End PBXSourcesBuildPhase section */

/* Begin XCBuildConfiguration section */
		6C46BCD12EC9CA8C00C72C0F /* Debug */ = {
			isa = XCBuildConfiguration;
			buildSettings = {
				ALWAYS_SEARCH_USER_PATHS = NO;
				ASSETCATALOG_COMPILER_GENERATE_SWIFT_ASSET_SYMBOL_EXTENSIONS = YES;
				CLANG_ANALYZER_NONNULL = YES;
				CLANG_ANALYZER_NUMBER_OBJECT_CONVERSION = YES_AGGRESSIVE;
				CLANG_CXX_LANGUAGE_STANDARD = "gnu++20";
				CLANG_ENABLE_MODULES = YES;
				CLANG_ENABLE_OBJC_ARC = YES;
				CLANG_ENABLE_OBJC_WEAK = YES;
				CLANG_WARN_BLOCK_CAPTURE_AUTORELEASING = YES;
				CLANG_WARN_BOOL_CONVERSION = YES;
				CLANG_WARN_COMMA = YES;
				CLANG_WARN_CONSTANT_CONVERSION = YES;
				CLANG_WARN_DEPRECATED_OBJC_IMPLEMENTATIONS = YES;
				CLANG_WARN_DIRECT_OBJC_ISA_USAGE = YES_ERROR;
				CLANG_WARN_DOCUMENTATION_COMMENTS = YES;
				CLANG_WARN_EMPTY_BODY = YES;
				CLANG_WARN_ENUM_CONVERSION = YES;
				CLANG_WARN_INFINITE_RECURSION = YES;
				CLANG_WARN_INT_CONVERSION = YES;
				CLANG_WARN_NON_LITERAL_NULL_CONVERSION = YES;
				CLANG_WARN_OBJC_IMPLICIT_RETAIN_SELF = YES;
				CLANG_WARN_OBJC_LITERAL_CONVERSION = YES;
				CLANG_WARN_OBJC_ROOT_CLASS = YES_ERROR;
				CLANG_WARN_QUOTED_INCLUDE_IN_FRAMEWORK_HEADER = NO;
				CLANG_WARN_RANGE_LOOP_ANALYSIS = YES;
				CLANG_WARN_STRICT_PROTOTYPES = YES;
				CLANG_WARN_SUSPICIOUS_MOVE = YES;
				CLANG_WARN_UNGUARDED_AVAILABILITY = YES_AGGRESSIVE;
				CLANG_WARN_UNREACHABLE_CODE = YES;
				CLANG_WARN__DUPLICATE_METHOD_MATCH = YES;
				COPY_PHASE_STRIP = NO;
				DEBUG_INFORMATION_FORMAT = dwarf;
				DEVELOPMENT_TEAM = DQ4WG8XD63;
				ENABLE_STRICT_OBJC_MSGSEND = YES;
				ENABLE_TESTABILITY = YES;
				ENABLE_USER_SCRIPT_SANDBOXING = YES;
				GCC_C_LANGUAGE_STANDARD = gnu17;
				GCC_DYNAMIC_NO_PIC = NO;
				GCC_NO_COMMON_BLOCKS = YES;
				GCC_OPTIMIZATION_LEVEL = 0;
				GCC_PREPROCESSOR_DEFINITIONS = (
					"DEBUG=1",
					"$(inherited)",
				);
				GCC_WARN_64_TO_32_BIT_CONVERSION = YES;
				GCC_WARN_ABOUT_RETURN_TYPE = YES_ERROR;
				GCC_WARN_UNDECLARED_SELECTOR = YES;
				GCC_WARN_UNINITIALIZED_AUTOS = YES_AGGRESSIVE;
				GCC_WARN_UNUSED_FUNCTION = YES;
				GCC_WARN_UNUSED_VARIABLE = YES;
				IPHONEOS_DEPLOYMENT_TARGET = 16.6;
				LOCALIZATION_PREFERS_STRING_CATALOGS = YES;
				MTL_ENABLE_DEBUG_INFO = INCLUDE_SOURCE;
				MTL_FAST_MATH = YES;
				ONLY_ACTIVE_ARCH = YES;
				SDKROOT = iphoneos;
				SWIFT_ACTIVE_COMPILATION_CONDITIONS = "DEBUG $(inherited)";
				SWIFT_OPTIMIZATION_LEVEL = "-Onone";
			};
			name = Debug;
		};
		6C46BCD22EC9CA8C00C72C0F /* Release */ = {
			isa = XCBuildConfiguration;
			buildSettings = {
				ALWAYS_SEARCH_USER_PATHS = NO;
				ASSETCATALOG_COMPILER_GENERATE_SWIFT_ASSET_SYMBOL_EXTENSIONS = YES;
				CLANG_ANALYZER_NONNULL = YES;
				CLANG_ANALYZER_NUMBER_OBJECT_CONVERSION = YES_AGGRESSIVE;
				CLANG_CXX_LANGUAGE_STANDARD = "gnu++20";
				CLANG_ENABLE_MODULES = YES;
				CLANG_ENABLE_OBJC_ARC = YES;
				CLANG_ENABLE_OBJC_WEAK = YES;
				CLANG_WARN_BLOCK_CAPTURE_AUTORELEASING = YES;
				CLANG_WARN_BOOL_CONVERSION = YES;
				CLANG_WARN_COMMA = YES;
				CLANG_WARN_CONSTANT_CONVERSION = YES;
				CLANG_WARN_DEPRECATED_OBJC_IMPLEMENTATIONS = YES;
				CLANG_WARN_DIRECT_OBJC_ISA_USAGE = YES_ERROR;
				CLANG_WARN_DOCUMENTATION_COMMENTS = YES;
				CLANG_WARN_EMPTY_BODY = YES;
				CLANG_WARN_ENUM_CONVERSION = YES;
				CLANG_WARN_INFINITE_RECURSION = YES;
				CLANG_WARN_INT_CONVERSION = YES;
				CLANG_WARN_NON_LITERAL_NULL_CONVERSION = YES;
				CLANG_WARN_OBJC_IMPLICIT_RETAIN_SELF = YES;
				CLANG_WARN_OBJC_LITERAL_CONVERSION = YES;
				CLANG_WARN_OBJC_ROOT_CLASS = YES_ERROR;
				CLANG_WARN_QUOTED_INCLUDE_IN_FRAMEWORK_HEADER = NO;
				CLANG_WARN_RANGE_LOOP_ANALYSIS = YES;
				CLANG_WARN_STRICT_PROTOTYPES = YES;
				CLANG_WARN_SUSPICIOUS_MOVE = YES;
				CLANG_WARN_UNGUARDED_AVAILABILITY = YES_AGGRESSIVE;
				CLANG_WARN_UNREACHABLE_CODE = YES;
				CLANG_WARN__DUPLICATE_METHOD_MATCH = YES;
				COPY_PHASE_STRIP = NO;
				DEBUG_INFORMATION_FORMAT = "dwarf-with-dsym";
				DEVELOPMENT_TEAM = DQ4WG8XD63;
				ENABLE_NS_ASSERTIONS = NO;
				ENABLE_STRICT_OBJC_MSGSEND = YES;
				ENABLE_USER_SCRIPT_SANDBOXING = YES;
				GCC_C_LANGUAGE_STANDARD = gnu17;
				GCC_NO_COMMON_BLOCKS = YES;
				GCC_WARN_64_TO_32_BIT_CONVERSION = YES;
				GCC_WARN_ABOUT_RETURN_TYPE = YES_ERROR;
				GCC_WARN_UNDECLARED_SELECTOR = YES;
				GCC_WARN_UNINITIALIZED_AUTOS = YES_AGGRESSIVE;
				GCC_WARN_UNUSED_FUNCTION = YES;
				GCC_WARN_UNUSED_VARIABLE = YES;
				IPHONEOS_DEPLOYMENT_TARGET = 16.6;
				LOCALIZATION_PREFERS_STRING_CATALOGS = YES;
				MTL_ENABLE_DEBUG_INFO = NO;
				MTL_FAST_MATH = YES;
				SDKROOT = iphoneos;
				SWIFT_COMPILATION_MODE = wholemodule;
				VALIDATE_PRODUCT = YES;
			};
			name = Release;
		};
		6C46BCD42EC9CA8C00C72C0F /* Debug */ = {
			isa = XCBuildConfiguration;
			baseConfigurationReference = D05D547300DE7E259ED6865C /* Pods-TryAngleApp.debug.xcconfig */;
			buildSettings = {
				ASSETCATALOG_COMPILER_APPICON_NAME = AppIcon;
				ASSETCATALOG_COMPILER_GLOBAL_ACCENT_COLOR_NAME = AccentColor;
				CODE_SIGN_STYLE = Automatic;
				CURRENT_PROJECT_VERSION = 1;
				DEVELOPMENT_TEAM = DQ4WG8XD63;
				ENABLE_PREVIEWS = YES;
				ENABLE_USER_SCRIPT_SANDBOXING = NO;
				GENERATE_INFOPLIST_FILE = YES;
				INFOPLIST_KEY_NSCameraUsageDescription = "TryAngleuc740 uc2e4uc2dcuac04 ucd2cuc601 uac00uc774ub4dcub97c uc81cuacf5ud558uae30 uc704ud574 uce74uba54ub77c uc811uadfcuc774 ud544uc694ud569ub2c8ub2e4.";
				INFOPLIST_KEY_NSPhotoLibraryUsageDescription = "ub808ud37cub7f0uc2a4 uc774ubbf8uc9c0ub97c uc120ud0ddud558uae30 uc704ud574 uc0acuc9c4 ub77cuc774ube0cub7ecub9ac uc811uadfcuc774 ud544uc694ud569ub2c8ub2e4.";
				INFOPLIST_KEY_UIApplicationSceneManifest_Generation = YES;
				INFOPLIST_KEY_UIApplicationSupportsIndirectInputEvents = YES;
				INFOPLIST_KEY_UILaunchScreen_Generation = YES;
				INFOPLIST_KEY_UISupportedInterfaceOrientations_iPad = "UIInterfaceOrientationPortrait UIInterfaceOrientationPortraitUpsideDown UIInterfaceOrientationLandscapeLeft UIInterfaceOrientationLandscapeRight";
				INFOPLIST_KEY_UISupportedInterfaceOrientations_iPhone = "UIInterfaceOrientationPortrait UIInterfaceOrientationLandscapeLeft UIInterfaceOrientationLandscapeRight";
				IPHONEOS_DEPLOYMENT_TARGET = 16.6;
				LD_RUNPATH_SEARCH_PATHS = (
					"$(inherited)",
					"@executable_path/Frameworks",
				);
				MARKETING_VERSION = 1.0;
				NEW_SETTING = "";
				OTHER_LDFLAGS = "$(inherited)";
				PRODUCT_BUNDLE_IDENTIFIER = com.tryangle.TryAngleApp;
				PRODUCT_NAME = "$(TARGET_NAME)";
				STRING_CATALOG_GENERATE_SYMBOLS = YES;
				SWIFT_APPROACHABLE_CONCURRENCY = YES;
				SWIFT_DEFAULT_ACTOR_ISOLATION = MainActor;
				SWIFT_EMIT_LOC_STRINGS = YES;
				SWIFT_OBJC_BRIDGING_HEADER = "TryAngleApp-Bridging-Header.h";
				SWIFT_UPCOMING_FEATURE_MEMBER_IMPORT_VISIBILITY = YES;
				SWIFT_VERSION = 5.0;
				TARGETED_DEVICE_FAMILY = "1,2";
			};
			name = Debug;
		};
		6C46BCD52EC9CA8C00C72C0F /* Release */ = {
			isa = XCBuildConfiguration;
			baseConfigurationReference = 57C13229136A9EB5A4274A2B /* Pods-TryAngleApp.release.xcconfig */;
			buildSettings = {
				ASSETCATALOG_COMPILER_APPICON_NAME = AppIcon;
				ASSETCATALOG_COMPILER_GLOBAL_ACCENT_COLOR_NAME = AccentColor;
				CODE_SIGN_STYLE = Automatic;
				CURRENT_PROJECT_VERSION = 1;
				DEVELOPMENT_TEAM = DQ4WG8XD63;
				ENABLE_PREVIEWS = YES;
				ENABLE_USER_SCRIPT_SANDBOXING = NO;
				GENERATE_INFOPLIST_FILE = YES;
				INFOPLIST_KEY_NSCameraUsageDescription = "TryAngleuc740 uc2e4uc2dcuac04 ucd2cuc601 uac00uc774ub4dcub97c uc81cuacf5ud558uae30 uc704ud574 uce74uba54ub77c uc811uadfcuc774 ud544uc694ud569ub2c8ub2e4.";
				INFOPLIST_KEY_NSPhotoLibraryUsageDescription = "ub808ud37cub7f0uc2a4 uc774ubbf8uc9c0ub97c uc120ud0ddud558uae30 uc704ud574 uc0acuc9c4 ub77cuc774ube0cub7ecub9ac uc811uadfcuc774 ud544uc694ud569ub2c8ub2e4.";
				INFOPLIST_KEY_UIApplicationSceneManifest_Generation = YES;
				INFOPLIST_KEY_UIApplicationSupportsIndirectInputEvents = YES;
				INFOPLIST_KEY_UILaunchScreen_Generation = YES;
				INFOPLIST_KEY_UISupportedInterfaceOrientations_iPad = "UIInterfaceOrientationPortrait UIInterfaceOrientationPortraitUpsideDown UIInterfaceOrientationLandscapeLeft UIInterfaceOrientationLandscapeRight";
				INFOPLIST_KEY_UISupportedInterfaceOrientations_iPhone = "UIInterfaceOrientationPortrait UIInterfaceOrientationLandscapeLeft UIInterfaceOrientationLandscapeRight";
				IPHONEOS_DEPLOYMENT_TARGET = 16.6;
				LD_RUNPATH_SEARCH_PATHS = (
					"$(inherited)",
					"@executable_path/Frameworks",
				);
				MARKETING_VERSION = 1.0;
				NEW_SETTING = "";
				OTHER_LDFLAGS = "$(inherited)";
				PRODUCT_BUNDLE_IDENTIFIER = com.tryangle.TryAngleApp;
				PRODUCT_NAME = "$(TARGET_NAME)";
				STRING_CATALOG_GENERATE_SYMBOLS = YES;
				SWIFT_APPROACHABLE_CONCURRENCY = YES;
				SWIFT_DEFAULT_ACTOR_ISOLATION = MainActor;
				SWIFT_EMIT_LOC_STRINGS = YES;
				SWIFT_OBJC_BRIDGING_HEADER = "TryAngleApp-Bridging-Header.h";
				SWIFT_UPCOMING_FEATURE_MEMBER_IMPORT_VISIBILITY = YES;
				SWIFT_VERSION = 5.0;
				TARGETED_DEVICE_FAMILY = "1,2";
			};
			name = Release;
		};
/* End XCBuildConfiguration section */

/* Begin XCConfigurationList section */
		6C46BCC32EC9CA8B00C72C0F /* Build configuration list for PBXProject "TryAngleApp" */ = {
			isa = XCConfigurationList;
			buildConfigurations = (
				6C46BCD12EC9CA8C00C72C0F /* Debug */,
				6C46BCD22EC9CA8C00C72C0F /* Release */,
			);
			defaultConfigurationIsVisible = 0;
			defaultConfigurationName = Release;
		};
		6C46BCD32EC9CA8C00C72C0F /* Build configuration list for PBXNativeTarget "TryAngleApp" */ = {
			isa = XCConfigurationList;
			buildConfigurations = (
				6C46BCD42EC9CA8C00C72C0F /* Debug */,
				6C46BCD52EC9CA8C00C72C0F /* Release */,
			);
			defaultConfigurationIsVisible = 0;
			defaultConfigurationName = Release;
		};
/* End XCConfigurationList section */
	};
	rootObject = 6C46BCC02EC9CA8B00C72C0F /* Project object */;
}
